
Microsoft Visual Studio Solution File, Format Version 12.00
# Visual Studio Version 17
VisualStudioVersion = 17.6.33829.357
MinimumVisualStudioVersion = 10.0.40219.1
Project("{FAE04EC0-301F-11D3-BF4B-00C04F79EFBC}") = "DecoratorExample", "DecoratorExample\DecoratorExample.csproj", "{FCDBAB8E-CF9F-4F10-BB24-C27529E32E78}"
EndProject
Global
	GlobalSection(SolutionConfigurationPlatforms) = preSolution
		Debug|Any CPU = Debug|Any CPU
		Release|Any CPU = Release|Any CPU
	EndGlobalSection
	GlobalSection(ProjectConfigurationPlatforms) = postSolution
		{FCDBAB8E-CF9F-4F10-BB24-C27529E32E78}.Debug|Any CPU.ActiveCfg = Debug|Any CPU
		{FCDBAB8E-CF9F-4F10-BB24-C27529E32E78}.Debug|Any CPU.Build.0 = Debug|Any CPU
		{FCDBAB8E-CF9F-4F10-BB24-C27529E32E78}.Release|Any CPU.ActiveCfg = Release|Any CPU
		{FCDBAB8E-CF9F-4F10-BB24-C27529E32E78}.Release|Any CPU.Build.0 = Release|Any CPU
	EndGlobalSection
	GlobalSection(SolutionProperties) = preSolution
		HideSolutionNode = FALSE
	EndGlobalSection
	GlobalSection(ExtensibilityGlobals) = postSolution
		SolutionGuid = {BABF55F2-8929-4310-89FE-904BBE853955}
	EndGlobalSection
EndGlobal
